
Microsoft Visual Studio Solution File, Format Version 12.00
# Visual Studio 15
VisualStudioVersion = 15.0.26124.0
MinimumVisualStudioVersion = 15.0.26124.0
Project("{2150E333-8FDC-42A3-9474-1A3956D46DE8}") = "src", "src", "{9D7A8E86-0638-4B47-8E6A-2258BC04B788}"
EndProject
Project("{FAE04EC0-301F-11D3-BF4B-00C04F79EFBC}") = "AutoWire", "src\AutoWire\AutoWire.csproj", "{8BB14732-7D32-4218-B9FD-EB9AA1E104B2}"
EndProject
Project("{2150E333-8FDC-42A3-9474-1A3956D46DE8}") = "test", "test", "{B3B24558-F5E0-4382-9FD8-7F75183F378F}"
EndProject
Project("{FAE04EC0-301F-11D3-BF4B-00C04F79EFBC}") = "AutoWire.Tests", "test\AutoWire.Tests\AutoWire.Tests.csproj", "{9E135723-9EE2-4E9D-8157-70BEE432A86D}"
EndProject
Project("{FAE04EC0-301F-11D3-BF4B-00C04F79EFBC}") = "AutoWire.Tests.Support", "test\AutoWire.Tests.Support\AutoWire.Tests.Support.csproj", "{67701EAC-6DD8-4C1F-8867-C3463A4C5964}"
EndProject
Global
	GlobalSection(SolutionConfigurationPlatforms) = preSolution
		Debug|Any CPU = Debug|Any CPU
		Debug|x64 = Debug|x64
		Debug|x86 = Debug|x86
		Release|Any CPU = Release|Any CPU
		Release|x64 = Release|x64
		Release|x86 = Release|x86
	EndGlobalSection
	GlobalSection(SolutionProperties) = preSolution
		HideSolutionNode = FALSE
	EndGlobalSection
	GlobalSection(ProjectConfigurationPlatforms) = postSolution
		{8BB14732-7D32-4218-B9FD-EB9AA1E104B2}.Debug|Any CPU.ActiveCfg = Debug|Any CPU
		{8BB14732-7D32-4218-B9FD-EB9AA1E104B2}.Debug|Any CPU.Build.0 = Debug|Any CPU
		{8BB14732-7D32-4218-B9FD-EB9AA1E104B2}.Debug|x64.ActiveCfg = Debug|Any CPU
		{8BB14732-7D32-4218-B9FD-EB9AA1E104B2}.Debug|x64.Build.0 = Debug|Any CPU
		{8BB14732-7D32-4218-B9FD-EB9AA1E104B2}.Debug|x86.ActiveCfg = Debug|Any CPU
		{8BB14732-7D32-4218-B9FD-EB9AA1E104B2}.Debug|x86.Build.0 = Debug|Any CPU
		{8BB14732-7D32-4218-B9FD-EB9AA1E104B2}.Release|Any CPU.ActiveCfg = Release|Any CPU
		{8BB14732-7D32-4218-B9FD-EB9AA1E104B2}.Release|Any CPU.Build.0 = Release|Any CPU
		{8BB14732-7D32-4218-B9FD-EB9AA1E104B2}.Release|x64.ActiveCfg = Release|Any CPU
		{8BB14732-7D32-4218-B9FD-EB9AA1E104B2}.Release|x64.Build.0 = Release|Any CPU
		{8BB14732-7D32-4218-B9FD-EB9AA1E104B2}.Release|x86.ActiveCfg = Release|Any CPU
		{8BB14732-7D32-4218-B9FD-EB9AA1E104B2}.Release|x86.Build.0 = Release|Any CPU
		{9E135723-9EE2-4E9D-8157-70BEE432A86D}.Debug|Any CPU.ActiveCfg = Debug|Any CPU
		{9E135723-9EE2-4E9D-8157-70BEE432A86D}.Debug|Any CPU.Build.0 = Debug|Any CPU
		{9E135723-9EE2-4E9D-8157-70BEE432A86D}.Debug|x64.ActiveCfg = Debug|Any CPU
		{9E135723-9EE2-4E9D-8157-70BEE432A86D}.Debug|x64.Build.0 = Debug|Any CPU
		{9E135723-9EE2-4E9D-8157-70BEE432A86D}.Debug|x86.ActiveCfg = Debug|Any CPU
		{9E135723-9EE2-4E9D-8157-70BEE432A86D}.Debug|x86.Build.0 = Debug|Any CPU
		{9E135723-9EE2-4E9D-8157-70BEE432A86D}.Release|Any CPU.ActiveCfg = Release|Any CPU
		{9E135723-9EE2-4E9D-8157-70BEE432A86D}.Release|Any CPU.Build.0 = Release|Any CPU
		{9E135723-9EE2-4E9D-8157-70BEE432A86D}.Release|x64.ActiveCfg = Release|Any CPU
		{9E135723-9EE2-4E9D-8157-70BEE432A86D}.Release|x64.Build.0 = Release|Any CPU
		{9E135723-9EE2-4E9D-8157-70BEE432A86D}.Release|x86.ActiveCfg = Release|Any CPU
		{9E135723-9EE2-4E9D-8157-70BEE432A86D}.Release|x86.Build.0 = Release|Any CPU
		{67701EAC-6DD8-4C1F-8867-C3463A4C5964}.Debug|Any CPU.ActiveCfg = Debug|Any CPU
		{67701EAC-6DD8-4C1F-8867-C3463A4C5964}.Debug|Any CPU.Build.0 = Debug|Any CPU
		{67701EAC-6DD8-4C1F-8867-C3463A4C5964}.Debug|x64.ActiveCfg = Debug|Any CPU
		{67701EAC-6DD8-4C1F-8867-C3463A4C5964}.Debug|x64.Build.0 = Debug|Any CPU
		{67701EAC-6DD8-4C1F-8867-C3463A4C5964}.Debug|x86.ActiveCfg = Debug|Any CPU
		{67701EAC-6DD8-4C1F-8867-C3463A4C5964}.Debug|x86.Build.0 = Debug|Any CPU
		{67701EAC-6DD8-4C1F-8867-C3463A4C5964}.Release|Any CPU.ActiveCfg = Release|Any CPU
		{67701EAC-6DD8-4C1F-8867-C3463A4C5964}.Release|Any CPU.Build.0 = Release|Any CPU
		{67701EAC-6DD8-4C1F-8867-C3463A4C5964}.Release|x64.ActiveCfg = Release|Any CPU
		{67701EAC-6DD8-4C1F-8867-C3463A4C5964}.Release|x64.Build.0 = Release|Any CPU
		{67701EAC-6DD8-4C1F-8867-C3463A4C5964}.Release|x86.ActiveCfg = Release|Any CPU
		{67701EAC-6DD8-4C1F-8867-C3463A4C5964}.Release|x86.Build.0 = Release|Any CPU
	EndGlobalSection
	GlobalSection(NestedProjects) = preSolution
		{8BB14732-7D32-4218-B9FD-EB9AA1E104B2} = {9D7A8E86-0638-4B47-8E6A-2258BC04B788}
		{9E135723-9EE2-4E9D-8157-70BEE432A86D} = {B3B24558-F5E0-4382-9FD8-7F75183F378F}
		{67701EAC-6DD8-4C1F-8867-C3463A4C5964} = {B3B24558-F5E0-4382-9FD8-7F75183F378F}
	EndGlobalSection
EndGlobal
